
Microsoft Visual Studio Solution File, Format Version 12.00
# Visual Studio 15
VisualStudioVersion = 15.0.28010.2016
MinimumVisualStudioVersion = 10.0.40219.1
Project("{FAE04EC0-301F-11D3-BF4B-00C04F79EFBC}") = "opdracht-2.1", "opdracht-2.1\opdracht-2.1.csproj", "{9916D315-A9BB-4DC8-A43F-D6E49CB75C3E}"
EndProject
Global
	GlobalSection(SolutionConfigurationPlatforms) = preSolution
		Debug|Any CPU = Debug|Any CPU
		Release|Any CPU = Release|Any CPU
	EndGlobalSection
	GlobalSection(ProjectConfigurationPlatforms) = postSolution
		{9916D315-A9BB-4DC8-A43F-D6E49CB75C3E}.Debug|Any CPU.ActiveCfg = Debug|Any CPU
		{9916D315-A9BB-4DC8-A43F-D6E49CB75C3E}.Debug|Any CPU.Build.0 = Debug|Any CPU
		{9916D315-A9BB-4DC8-A43F-D6E49CB75C3E}.Release|Any CPU.ActiveCfg = Release|Any CPU
		{9916D315-A9BB-4DC8-A43F-D6E49CB75C3E}.Release|Any CPU.Build.0 = Release|Any CPU
	EndGlobalSection
	GlobalSection(SolutionProperties) = preSolution
		HideSolutionNode = FALSE
	EndGlobalSection
	GlobalSection(ExtensibilityGlobals) = postSolution
		SolutionGuid = {BB11A77B-2F77-4174-8004-41262489D2C5}
	EndGlobalSection
EndGlobal
