
Microsoft Visual Studio Solution File, Format Version 12.00
# Visual Studio 15
VisualStudioVersion = 15.0.28010.2016
MinimumVisualStudioVersion = 10.0.40219.1
Project("{FAE04EC0-301F-11D3-BF4B-00C04F79EFBC}") = "halllowereld", "halllowereld\halllowereld.csproj", "{47DBACA1-3038-4341-B367-AA2FA14F4665}"
EndProject
Global
	GlobalSection(SolutionConfigurationPlatforms) = preSolution
		Debug|Any CPU = Debug|Any CPU
		Release|Any CPU = Release|Any CPU
	EndGlobalSection
	GlobalSection(ProjectConfigurationPlatforms) = postSolution
		{47DBACA1-3038-4341-B367-AA2FA14F4665}.Debug|Any CPU.ActiveCfg = Debug|Any CPU
		{47DBACA1-3038-4341-B367-AA2FA14F4665}.Debug|Any CPU.Build.0 = Debug|Any CPU
		{47DBACA1-3038-4341-B367-AA2FA14F4665}.Release|Any CPU.ActiveCfg = Release|Any CPU
		{47DBACA1-3038-4341-B367-AA2FA14F4665}.Release|Any CPU.Build.0 = Release|Any CPU
	EndGlobalSection
	GlobalSection(SolutionProperties) = preSolution
		HideSolutionNode = FALSE
	EndGlobalSection
	GlobalSection(ExtensibilityGlobals) = postSolution
		SolutionGuid = {134EF288-9B38-47DF-B261-09936738A3FD}
	EndGlobalSection
EndGlobal
